{
  "name": "add-ocr",
  "version": "1.0.0",
  "lockfileVersion": 3,
  "requires": true,
  "packages": {
    "": {
      "name": "add-ocr",
      "version": "1.0.0",
      "license": "ISC",
      "dependencies": {
        "bnunicode2ansi": "^1.3.1"
      }
    },
    "node_modules/bnunicode2ansi": {
      "version": "1.3.1",
      "resolved": "https://registry.npmjs.org/bnunicode2ansi/-/bnunicode2ansi-1.3.1.tgz",
      "integrity": "sha512-g/kMSykbxRF1M+1og7VGBLn/1iDfwpU6u2aotO9i0kwPuKKN1dl0cAIK7LuhAhvKhq+UHFptyG0WfDtMKtGJiw==",
      "deprecated": "Please use 'codesigntheory/bnunicode2ansi' instead.",
      "license": "MIT"
    }
  }
}
